github.com/hairyhenderson/hyde-x v0.0.0-20180223031210-1c663a53020f h1:af5UhsCVoHhBBTcNzQwl0iykNwAYCw6+TSKrpLix1UQ=
github.com/hairyhenderson/hyde-x v0.0.0-20180223031210-1c663a53020f/go.mod h1:0+bgVHfsSB2OMwm8AgXJh1LxJQHuY0rt/PLrA5YzOrM=
github.com/hairyhenderson/hyde-x v0.0.0-20240629163602-4d223adbe147 h1:FtX7KmuWkvJz3luia4gbV3H6gXgV4skWMuqJssj207U=
github.com/hairyhenderson/hyde-x v0.0.0-20240629163602-4d223adbe147/go.mod h1:0+bgVHfsSB2OMwm8AgXJh1LxJQHuY0rt/PLrA5YzOrM=
github.com/hairyhenderson/hyde-x v0.0.0-20240629164147-30acc347d5a0 h1:nwmMkl55IG7IVE5CaGlWLbp1BLpSIoQL4TUI+YpugPQ=
github.com/hairyhenderson/hyde-x v0.0.0-20240629164147-30acc347d5a0/go.mod h1:0+bgVHfsSB2OMwm8AgXJh1LxJQHuY0rt/PLrA5YzOrM=
github.com/hairyhenderson/hyde-x v0.0.0-20240629165015-354ca65dd8da h1:yctLfvkp0/CybQVG2FTkgN0Lm/GaySwV3UKRG1Znogo=
github.com/hairyhenderson/hyde-x v0.0.0-20240629165015-354ca65dd8da/go.mod h1:0+bgVHfsSB2OMwm8AgXJh1LxJQHuY0rt/PLrA5YzOrM=
github.com/hairyhenderson/hyde-x v0.0.0-20240629165459-0b6baf9bd856 h1:vUDc01lo4oYYO5CNzpb9gSxIEWe1D/aihWhlGb+9VOA=
github.com/hairyhenderson/hyde-x v0.0.0-20240629165459-0b6baf9bd856/go.mod h1:0+bgVHfsSB2OMwm8AgXJh1LxJQHuY0rt/PLrA5YzOrM=
github.com/hairyhenderson/hyde-x v0.0.0-20240629175039-8a505f081817 h1:opg1RrNa8Jr/ixfRkoVrSFFKO3myuO6WTwA7QUpZ8dk=
github.com/hairyhenderson/hyde-x v0.0.0-20240629175039-8a505f081817/go.mod h1:0+bgVHfsSB2OMwm8AgXJh1LxJQHuY0rt/PLrA5YzOrM=
